
Microsoft Visual Studio Solution File, Format Version 12.00
# Visual Studio Version 17
VisualStudioVersion = 17.3.32825.248
MinimumVisualStudioVersion = 10.0.40219.1
Project("{FAE04EC0-301F-11D3-BF4B-00C04F79EFBC}") = "Dag6Uppgift2", "Dag6Uppgift2\Dag6Uppgift2.csproj", "{63B8EA80-2934-4DB3-955D-4AD5CB07D171}"
EndProject
Global
	GlobalSection(SolutionConfigurationPlatforms) = preSolution
		Debug|Any CPU = Debug|Any CPU
		Release|Any CPU = Release|Any CPU
	EndGlobalSection
	GlobalSection(ProjectConfigurationPlatforms) = postSolution
		{63B8EA80-2934-4DB3-955D-4AD5CB07D171}.Debug|Any CPU.ActiveCfg = Debug|Any CPU
		{63B8EA80-2934-4DB3-955D-4AD5CB07D171}.Debug|Any CPU.Build.0 = Debug|Any CPU
		{63B8EA80-2934-4DB3-955D-4AD5CB07D171}.Release|Any CPU.ActiveCfg = Release|Any CPU
		{63B8EA80-2934-4DB3-955D-4AD5CB07D171}.Release|Any CPU.Build.0 = Release|Any CPU
	EndGlobalSection
	GlobalSection(SolutionProperties) = preSolution
		HideSolutionNode = FALSE
	EndGlobalSection
	GlobalSection(ExtensibilityGlobals) = postSolution
		SolutionGuid = {20B4AACC-4A8C-4C65-9B59-73F887E25788}
	EndGlobalSection
EndGlobal
